{
    "name": "tunzo-player",
    "version": "1.0.38",
    "lockfileVersion": 3,
    "requires": true,
    "packages": {
        "": {
            "name": "tunzo-player",
            "version": "1.0.38",
            "license": "MIT",
            "dependencies": {
                "@capacitor-community/keep-awake": "^7.1.0",
                "@capacitor/core": "^8.0.0",
                "@ionic/angular": "^8.7.11",
                "capacitor-plugin-playlist": "^0.7.4",
                "rxjs": "^7.8.2"
            }
        },
        "node_modules/@angular/common": {
            "version": "21.0.3",
            "resolved": "https://registry.npmjs.org/@angular/common/-/common-21.0.3.tgz",
            "integrity": "sha512-y8U5jlaK5x3fhI7WOsuiwwNYghC5TBDfmqJdQ2YT4RFG0vB4b22RW5RY5GDbQ5La4AAcpcjoqb4zca8auLCe+g==",
            "license": "MIT",
            "peer": true,
            "dependencies": {
                "tslib": "^2.3.0"
            },
            "engines": {
                "node": "^20.19.0 || ^22.12.0 || >=24.0.0"
            },
            "peerDependencies": {
                "@angular/core": "21.0.3",
                "rxjs": "^6.5.3 || ^7.4.0"
            }
        },
        "node_modules/@angular/core": {
            "version": "21.0.3",
            "resolved": "https://registry.npmjs.org/@angular/core/-/core-21.0.3.tgz",
            "integrity": "sha512-/7a2FyZp5cyjNiwuNLr889KA8DVKSTcTtZJpz57Z9DpmZhPscDOWQqLn9f8jeEwbWllvgrXJi8pKSa78r8JAwA==",
            "license": "MIT",
            "peer": true,
            "dependencies": {
                "tslib": "^2.3.0"
            },
            "engines": {
                "node": "^20.19.0 || ^22.12.0 || >=24.0.0"
            },
            "peerDependencies": {
                "@angular/compiler": "21.0.3",
                "rxjs": "^6.5.3 || ^7.4.0",
                "zone.js": "~0.15.0 || ~0.16.0"
            },
            "peerDependenciesMeta": {
                "@angular/compiler": {
                    "optional": true
                },
                "zone.js": {
                    "optional": true
                }
            }
        },
        "node_modules/@angular/forms": {
            "version": "21.0.3",
            "resolved": "https://registry.npmjs.org/@angular/forms/-/forms-21.0.3.tgz",
            "integrity": "sha512-W60auwyDmsglIlHAbP/eol0LyzQ6FCz8LHghNx2B4RjIpuIMyjBLBZfC0JHU0gyiKB/JfX8W4FdphvyT7I4sIw==",
            "license": "MIT",
            "peer": true,
            "dependencies": {
                "tslib": "^2.3.0"
            },
            "engines": {
                "node": "^20.19.0 || ^22.12.0 || >=24.0.0"
            },
            "peerDependencies": {
                "@angular/common": "21.0.3",
                "@angular/core": "21.0.3",
                "@angular/platform-browser": "21.0.3",
                "@standard-schema/spec": "^1.0.0",
                "rxjs": "^6.5.3 || ^7.4.0"
            }
        },
        "node_modules/@angular/platform-browser": {
            "version": "21.0.3",
            "resolved": "https://registry.npmjs.org/@angular/platform-browser/-/platform-browser-21.0.3.tgz",
            "integrity": "sha512-vWyornr4mRtB+25d9r15IXBVkKV3TW6rmYBakmPmf8uuYDwgm8fTrFDySFChitRISfvMzR7tGJiYRBQRRp1fSA==",
            "license": "MIT",
            "peer": true,
            "dependencies": {
                "tslib": "^2.3.0"
            },
            "engines": {
                "node": "^20.19.0 || ^22.12.0 || >=24.0.0"
            },
            "peerDependencies": {
                "@angular/animations": "21.0.3",
                "@angular/common": "21.0.3",
                "@angular/core": "21.0.3"
            },
            "peerDependenciesMeta": {
                "@angular/animations": {
                    "optional": true
                }
            }
        },
        "node_modules/@angular/router": {
            "version": "21.0.3",
            "resolved": "https://registry.npmjs.org/@angular/router/-/router-21.0.3.tgz",
            "integrity": "sha512-TxqAmANV1NmBUMCGcl5U0dz6TKAV27Db4ItWmCX5bcYcNJnmB4F2/nX69swCdSbJtXhdvduMqtrF8RbSGO/IKg==",
            "license": "MIT",
            "peer": true,
            "dependencies": {
                "tslib": "^2.3.0"
            },
            "engines": {
                "node": "^20.19.0 || ^22.12.0 || >=24.0.0"
            },
            "peerDependencies": {
                "@angular/common": "21.0.3",
                "@angular/core": "21.0.3",
                "@angular/platform-browser": "21.0.3",
                "rxjs": "^6.5.3 || ^7.4.0"
            }
        },
        "node_modules/@capacitor-community/keep-awake": {
            "version": "7.1.0",
            "resolved": "https://registry.npmjs.org/@capacitor-community/keep-awake/-/keep-awake-7.1.0.tgz",
            "integrity": "sha512-4Hj6OKnBd/DAOeiMnqBy74tg1rwC+qLYWQbWJmysMZm2e2nptz43hxaKu22Xlyyw5O71CwwskLCM0skDFMPpQQ==",
            "license": "MIT",
            "peerDependencies": {
                "@capacitor/core": ">=7.0.0"
            }
        },
        "node_modules/@capacitor/core": {
            "version": "8.0.0",
            "resolved": "https://registry.npmjs.org/@capacitor/core/-/core-8.0.0.tgz",
            "integrity": "sha512-250HTVd/W/KdMygoqaedisvNbHbpbQTN2Hy/8ZYGm1nAqE0Fx7sGss4l0nDg33STxEdDhtVRoL2fIaaiukKseA==",
            "license": "MIT",
            "dependencies": {
                "tslib": "^2.1.0"
            }
        },
        "node_modules/@ionic/angular": {
            "version": "8.7.11",
            "resolved": "https://registry.npmjs.org/@ionic/angular/-/angular-8.7.11.tgz",
            "integrity": "sha512-W2/mmrL/RTwlDrFyOmRukTz6x0DLl905XwVjIIMeGgu/IV3dbHbzHmFj6VwdhdxW13T9kLOrzLqPRri1KQtdCw==",
            "license": "MIT",
            "dependencies": {
                "@ionic/core": "8.7.11",
                "ionicons": "^8.0.13",
                "jsonc-parser": "^3.0.0",
                "tslib": "^2.3.0"
            },
            "peerDependencies": {
                "@angular/core": ">=16.0.0",
                "@angular/forms": ">=16.0.0",
                "@angular/router": ">=16.0.0",
                "rxjs": ">=7.5.0",
                "zone.js": ">=0.13.0"
            }
        },
        "node_modules/@ionic/core": {
            "version": "8.7.11",
            "resolved": "https://registry.npmjs.org/@ionic/core/-/core-8.7.11.tgz",
            "integrity": "sha512-9UX9IeEztWWXymi+xCUMEBnnY+TbaR8crZLOwFnxPUEq4FFWSUCSv5XeHHQBpgZjBO2MJuDGcNv0GCQumIjVcQ==",
            "license": "MIT",
            "dependencies": {
                "@stencil/core": "4.38.0",
                "ionicons": "^8.0.13",
                "tslib": "^2.1.0"
            }
        },
        "node_modules/@rollup/rollup-darwin-arm64": {
            "version": "4.34.9",
            "resolved": "https://registry.npmjs.org/@rollup/rollup-darwin-arm64/-/rollup-darwin-arm64-4.34.9.tgz",
            "integrity": "sha512-0CY3/K54slrzLDjOA7TOjN1NuLKERBgk9nY5V34mhmuu673YNb+7ghaDUs6N0ujXR7fz5XaS5Aa6d2TNxZd0OQ==",
            "cpu": [
                "arm64"
            ],
            "license": "MIT",
            "optional": true,
            "os": [
                "darwin"
            ]
        },
        "node_modules/@rollup/rollup-darwin-x64": {
            "version": "4.34.9",
            "resolved": "https://registry.npmjs.org/@rollup/rollup-darwin-x64/-/rollup-darwin-x64-4.34.9.tgz",
            "integrity": "sha512-eOojSEAi/acnsJVYRxnMkPFqcxSMFfrw7r2iD9Q32SGkb/Q9FpUY1UlAu1DH9T7j++gZ0lHjnm4OyH2vCI7l7Q==",
            "cpu": [
                "x64"
            ],
            "license": "MIT",
            "optional": true,
            "os": [
                "darwin"
            ]
        },
        "node_modules/@rollup/rollup-linux-arm64-gnu": {
            "version": "4.34.9",
            "resolved": "https://registry.npmjs.org/@rollup/rollup-linux-arm64-gnu/-/rollup-linux-arm64-gnu-4.34.9.tgz",
            "integrity": "sha512-6TZjPHjKZUQKmVKMUowF3ewHxctrRR09eYyvT5eFv8w/fXarEra83A2mHTVJLA5xU91aCNOUnM+DWFMSbQ0Nxw==",
            "cpu": [
                "arm64"
            ],
            "license": "MIT",
            "optional": true,
            "os": [
                "linux"
            ]
        },
        "node_modules/@rollup/rollup-linux-arm64-musl": {
            "version": "4.34.9",
            "resolved": "https://registry.npmjs.org/@rollup/rollup-linux-arm64-musl/-/rollup-linux-arm64-musl-4.34.9.tgz",
            "integrity": "sha512-LD2fytxZJZ6xzOKnMbIpgzFOuIKlxVOpiMAXawsAZ2mHBPEYOnLRK5TTEsID6z4eM23DuO88X0Tq1mErHMVq0A==",
            "cpu": [
                "arm64"
            ],
            "license": "MIT",
            "optional": true,
            "os": [
                "linux"
            ]
        },
        "node_modules/@rollup/rollup-linux-x64-gnu": {
            "version": "4.34.9",
            "resolved": "https://registry.npmjs.org/@rollup/rollup-linux-x64-gnu/-/rollup-linux-x64-gnu-4.34.9.tgz",
            "integrity": "sha512-FwBHNSOjUTQLP4MG7y6rR6qbGw4MFeQnIBrMe161QGaQoBQLqSUEKlHIiVgF3g/mb3lxlxzJOpIBhaP+C+KP2A==",
            "cpu": [
                "x64"
            ],
            "license": "MIT",
            "optional": true,
            "os": [
                "linux"
            ]
        },
        "node_modules/@rollup/rollup-linux-x64-musl": {
            "version": "4.34.9",
            "resolved": "https://registry.npmjs.org/@rollup/rollup-linux-x64-musl/-/rollup-linux-x64-musl-4.34.9.tgz",
            "integrity": "sha512-cYRpV4650z2I3/s6+5/LONkjIz8MBeqrk+vPXV10ORBnshpn8S32bPqQ2Utv39jCiDcO2eJTuSlPXpnvmaIgRA==",
            "cpu": [
                "x64"
            ],
            "license": "MIT",
            "optional": true,
            "os": [
                "linux"
            ]
        },
        "node_modules/@rollup/rollup-win32-arm64-msvc": {
            "version": "4.34.9",
            "resolved": "https://registry.npmjs.org/@rollup/rollup-win32-arm64-msvc/-/rollup-win32-arm64-msvc-4.34.9.tgz",
            "integrity": "sha512-z4mQK9dAN6byRA/vsSgQiPeuO63wdiDxZ9yg9iyX2QTzKuQM7T4xlBoeUP/J8uiFkqxkcWndWi+W7bXdPbt27Q==",
            "cpu": [
                "arm64"
            ],
            "license": "MIT",
            "optional": true,
            "os": [
                "win32"
            ]
        },
        "node_modules/@rollup/rollup-win32-x64-msvc": {
            "version": "4.34.9",
            "resolved": "https://registry.npmjs.org/@rollup/rollup-win32-x64-msvc/-/rollup-win32-x64-msvc-4.34.9.tgz",
            "integrity": "sha512-AyleYRPU7+rgkMWbEh71fQlrzRfeP6SyMnRf9XX4fCdDPAJumdSBqYEcWPMzVQ4ScAl7E4oFfK0GUVn77xSwbw==",
            "cpu": [
                "x64"
            ],
            "license": "MIT",
            "optional": true,
            "os": [
                "win32"
            ]
        },
        "node_modules/@standard-schema/spec": {
            "version": "1.0.0",
            "resolved": "https://registry.npmjs.org/@standard-schema/spec/-/spec-1.0.0.tgz",
            "integrity": "sha512-m2bOd0f2RT9k8QJx1JN85cZYyH1RqFBdlwtkSlf4tBDYLCiiZnv1fIIwacK6cqwXavOydf0NPToMQgpKq+dVlA==",
            "license": "MIT",
            "peer": true
        },
        "node_modules/@stencil/core": {
            "version": "4.38.0",
            "resolved": "https://registry.npmjs.org/@stencil/core/-/core-4.38.0.tgz",
            "integrity": "sha512-oC3QFKO0X1yXVvETgc8OLY525MNKhn9vISBrbtKnGoPlokJ6rI8Vk1RK22TevnNrHLI4SExNLbcDnqilKR35JQ==",
            "license": "MIT",
            "bin": {
                "stencil": "bin/stencil"
            },
            "engines": {
                "node": ">=16.0.0",
                "npm": ">=7.10.0"
            },
            "optionalDependencies": {
                "@rollup/rollup-darwin-arm64": "4.34.9",
                "@rollup/rollup-darwin-x64": "4.34.9",
                "@rollup/rollup-linux-arm64-gnu": "4.34.9",
                "@rollup/rollup-linux-arm64-musl": "4.34.9",
                "@rollup/rollup-linux-x64-gnu": "4.34.9",
                "@rollup/rollup-linux-x64-musl": "4.34.9",
                "@rollup/rollup-win32-arm64-msvc": "4.34.9",
                "@rollup/rollup-win32-x64-msvc": "4.34.9"
            }
        },
        "node_modules/capacitor-plugin-playlist": {
            "version": "0.7.4",
            "resolved": "https://registry.npmjs.org/capacitor-plugin-playlist/-/capacitor-plugin-playlist-0.7.4.tgz",
            "integrity": "sha512-MjUsMz9us2vEiD9ShLEIngGkO3NoR4cLkKRin0SIWrpB0NcRkOOw89Pjo3ed5qbQFPy4p+PUGZyWqgeON0LOfQ==",
            "license": "MIT",
            "peerDependencies": {
                "@capacitor/core": ">=7.0.0"
            }
        },
        "node_modules/ionicons": {
            "version": "8.0.13",
            "resolved": "https://registry.npmjs.org/ionicons/-/ionicons-8.0.13.tgz",
            "integrity": "sha512-2QQVyG2P4wszne79jemMjWYLp0DBbDhr4/yFroPCxvPP1wtMxgdIV3l5n+XZ5E9mgoXU79w7yTWpm2XzJsISxQ==",
            "license": "MIT",
            "dependencies": {
                "@stencil/core": "^4.35.3"
            }
        },
        "node_modules/jsonc-parser": {
            "version": "3.3.1",
            "resolved": "https://registry.npmjs.org/jsonc-parser/-/jsonc-parser-3.3.1.tgz",
            "integrity": "sha512-HUgH65KyejrUFPvHFPbqOY0rsFip3Bo5wb4ngvdi1EpCYWUQDC5V+Y7mZws+DLkr4M//zQJoanu1SP+87Dv1oQ==",
            "license": "MIT"
        },
        "node_modules/rxjs": {
            "version": "7.8.2",
            "resolved": "https://registry.npmjs.org/rxjs/-/rxjs-7.8.2.tgz",
            "integrity": "sha512-dhKf903U/PQZY6boNNtAGdWbG85WAbjT/1xYoZIC7FAY0yWapOBQVsVrDl58W86//e1VpMNBtRV4MaXfdMySFA==",
            "license": "Apache-2.0",
            "dependencies": {
                "tslib": "^2.1.0"
            }
        },
        "node_modules/tslib": {
            "version": "2.8.1",
            "resolved": "https://registry.npmjs.org/tslib/-/tslib-2.8.1.tgz",
            "integrity": "sha512-oJFu94HQb+KVduSUQL7wnpmqnfmLsOA/nAh6b6EH0wCEoK0/mPeXU6c3wKDV83MkOuHPRHtSXKKU99IBazS/2w==",
            "license": "0BSD"
        },
        "node_modules/zone.js": {
            "version": "0.16.0",
            "resolved": "https://registry.npmjs.org/zone.js/-/zone.js-0.16.0.tgz",
            "integrity": "sha512-LqLPpIQANebrlxY6jKcYKdgN5DTXyyHAKnnWWjE5pPfEQ4n7j5zn7mOEEpwNZVKGqx3kKKmvplEmoBrvpgROTA==",
            "license": "MIT",
            "peer": true
        }
    }
}
